<Solution>
  <Project Path="../Lesson_14_Collections/Task_3/Task_3(myDictionary).csproj" />
  <Project Path="Task_1(Using_MyDictionary)/Task_1(Using_MyDictionary).csproj" />
  <Project Path="Task_2(part_1)/Task_2(part_1).csproj" />
  <Project Path="Task_2(part_2)/Task_2(part_2).csproj" />
</Solution>
