<Solution>
  <Project Path="Task_2/Task_2.csproj" Id="0de3dba2-2331-4bae-bba3-cbce0701b5ce" />
  <Project Path="Task_3/Task_3.csproj" Id="0a385775-2af7-409e-8f07-e46087711403" />
  <Project Path="Task_4(OrderedDictionry)/Task_4(OrderedDictionary).csproj" Id="9b3abd9c-b114-423c-aa5b-565c8dd0fdfe" />
  <Project Path="Task_6(SortedList)/Task_6(SortedList).csproj" Id="f7599083-9342-4c65-bd0f-758e0e9341b4" />
</Solution>
